
Microsoft Visual Studio Solution File, Format Version 12.00
# Visual Studio 15
VisualStudioVersion = 15.0.27004.2006
MinimumVisualStudioVersion = 10.0.40219.1
Project("{FAE04EC0-301F-11D3-BF4B-00C04F79EFBC}") = "installTask", "installTask\installTask.csproj", "{8AD22B09-60CD-4509-92EB-3E0C56B1C0AF}"
EndProject
Project("{FAE04EC0-301F-11D3-BF4B-00C04F79EFBC}") = "UWPPackageInstaller", "UWPPackageInstaller\UWPPackageInstaller.csproj", "{9DCD1469-A8F6-4037-B50A-D37EBA91E7B8}"
EndProject
Global
	GlobalSection(SolutionConfigurationPlatforms) = preSolution
		Debug|Any CPU = Debug|Any CPU
		Debug|ARM = Debug|ARM
		Debug|x64 = Debug|x64
		Debug|x86 = Debug|x86
		Release|Any CPU = Release|Any CPU
		Release|ARM = Release|ARM
		Release|x64 = Release|x64
		Release|x86 = Release|x86
	EndGlobalSection
	GlobalSection(ProjectConfigurationPlatforms) = postSolution
		{8AD22B09-60CD-4509-92EB-3E0C56B1C0AF}.Debug|Any CPU.ActiveCfg = Debug|Any CPU
		{8AD22B09-60CD-4509-92EB-3E0C56B1C0AF}.Debug|Any CPU.Build.0 = Debug|Any CPU
		{8AD22B09-60CD-4509-92EB-3E0C56B1C0AF}.Debug|ARM.ActiveCfg = Debug|ARM
		{8AD22B09-60CD-4509-92EB-3E0C56B1C0AF}.Debug|ARM.Build.0 = Debug|ARM
		{8AD22B09-60CD-4509-92EB-3E0C56B1C0AF}.Debug|x64.ActiveCfg = Debug|x64
		{8AD22B09-60CD-4509-92EB-3E0C56B1C0AF}.Debug|x64.Build.0 = Debug|x64
		{8AD22B09-60CD-4509-92EB-3E0C56B1C0AF}.Debug|x86.ActiveCfg = Debug|x86
		{8AD22B09-60CD-4509-92EB-3E0C56B1C0AF}.Debug|x86.Build.0 = Debug|x86
		{8AD22B09-60CD-4509-92EB-3E0C56B1C0AF}.Release|Any CPU.ActiveCfg = Release|Any CPU
		{8AD22B09-60CD-4509-92EB-3E0C56B1C0AF}.Release|Any CPU.Build.0 = Release|Any CPU
		{8AD22B09-60CD-4509-92EB-3E0C56B1C0AF}.Release|ARM.ActiveCfg = Release|ARM
		{8AD22B09-60CD-4509-92EB-3E0C56B1C0AF}.Release|ARM.Build.0 = Release|ARM
		{8AD22B09-60CD-4509-92EB-3E0C56B1C0AF}.Release|x64.ActiveCfg = Release|x64
		{8AD22B09-60CD-4509-92EB-3E0C56B1C0AF}.Release|x64.Build.0 = Release|x64
		{8AD22B09-60CD-4509-92EB-3E0C56B1C0AF}.Release|x86.ActiveCfg = Release|x86
		{8AD22B09-60CD-4509-92EB-3E0C56B1C0AF}.Release|x86.Build.0 = Release|x86
		{9DCD1469-A8F6-4037-B50A-D37EBA91E7B8}.Debug|Any CPU.ActiveCfg = Debug|x86
		{9DCD1469-A8F6-4037-B50A-D37EBA91E7B8}.Debug|ARM.ActiveCfg = Debug|ARM
		{9DCD1469-A8F6-4037-B50A-D37EBA91E7B8}.Debug|ARM.Build.0 = Debug|ARM
		{9DCD1469-A8F6-4037-B50A-D37EBA91E7B8}.Debug|ARM.Deploy.0 = Debug|ARM
		{9DCD1469-A8F6-4037-B50A-D37EBA91E7B8}.Debug|x64.ActiveCfg = Debug|x64
		{9DCD1469-A8F6-4037-B50A-D37EBA91E7B8}.Debug|x64.Build.0 = Debug|x64
		{9DCD1469-A8F6-4037-B50A-D37EBA91E7B8}.Debug|x64.Deploy.0 = Debug|x64
		{9DCD1469-A8F6-4037-B50A-D37EBA91E7B8}.Debug|x86.ActiveCfg = Debug|x86
		{9DCD1469-A8F6-4037-B50A-D37EBA91E7B8}.Debug|x86.Build.0 = Debug|x86
		{9DCD1469-A8F6-4037-B50A-D37EBA91E7B8}.Debug|x86.Deploy.0 = Debug|x86
		{9DCD1469-A8F6-4037-B50A-D37EBA91E7B8}.Release|Any CPU.ActiveCfg = Release|x86
		{9DCD1469-A8F6-4037-B50A-D37EBA91E7B8}.Release|ARM.ActiveCfg = Release|ARM
		{9DCD1469-A8F6-4037-B50A-D37EBA91E7B8}.Release|ARM.Build.0 = Release|ARM
		{9DCD1469-A8F6-4037-B50A-D37EBA91E7B8}.Release|ARM.Deploy.0 = Release|ARM
		{9DCD1469-A8F6-4037-B50A-D37EBA91E7B8}.Release|x64.ActiveCfg = Release|x64
		{9DCD1469-A8F6-4037-B50A-D37EBA91E7B8}.Release|x64.Build.0 = Release|x64
		{9DCD1469-A8F6-4037-B50A-D37EBA91E7B8}.Release|x64.Deploy.0 = Release|x64
		{9DCD1469-A8F6-4037-B50A-D37EBA91E7B8}.Release|x86.ActiveCfg = Release|x86
		{9DCD1469-A8F6-4037-B50A-D37EBA91E7B8}.Release|x86.Build.0 = Release|x86
		{9DCD1469-A8F6-4037-B50A-D37EBA91E7B8}.Release|x86.Deploy.0 = Release|x86
	EndGlobalSection
	GlobalSection(SolutionProperties) = preSolution
		HideSolutionNode = FALSE
	EndGlobalSection
	GlobalSection(ExtensibilityGlobals) = postSolution
		SolutionGuid = {924B5A12-3D45-4E94-91E8-73DDBCF8BC5C}
	EndGlobalSection
EndGlobal
